
Microsoft Visual Studio Solution File, Format Version 12.00
# Visual Studio 15
VisualStudioVersion = 15.0.28307.902
MinimumVisualStudioVersion = 10.0.40219.1
Project("{FAE04EC0-301F-11D3-BF4B-00C04F79EFBC}") = "ConsoleApp2", "ConsoleApp2\ConsoleApp2.csproj", "{27A032D4-6106-4CA3-9A50-65B72D32270D}"
EndProject
Global
	GlobalSection(SolutionConfigurationPlatforms) = preSolution
		Debug|Any CPU = Debug|Any CPU
		Release|Any CPU = Release|Any CPU
	EndGlobalSection
	GlobalSection(ProjectConfigurationPlatforms) = postSolution
		{27A032D4-6106-4CA3-9A50-65B72D32270D}.Debug|Any CPU.ActiveCfg = Debug|Any CPU
		{27A032D4-6106-4CA3-9A50-65B72D32270D}.Debug|Any CPU.Build.0 = Debug|Any CPU
		{27A032D4-6106-4CA3-9A50-65B72D32270D}.Release|Any CPU.ActiveCfg = Release|Any CPU
		{27A032D4-6106-4CA3-9A50-65B72D32270D}.Release|Any CPU.Build.0 = Release|Any CPU
	EndGlobalSection
	GlobalSection(SolutionProperties) = preSolution
		HideSolutionNode = FALSE
	EndGlobalSection
	GlobalSection(ExtensibilityGlobals) = postSolution
		SolutionGuid = {27385702-FB76-497D-969D-E8F85DEEB2BC}
	EndGlobalSection
EndGlobal
